// !$*UTF8*$!
{
	archiveVersion = 1;
	classes = {
	};
	objectVersion = 46;
	objects = {

/* Begin PBXBuildFile section */
		6333A3351E1FC22C002CF407 /* feedback.mm in Sources */ = {isa = PBXBuildFile; fileRef = 6333A3331E1FC22C002CF407 /* feedback.mm */; };
		63B98FD71E03F211000125CB /* AppDelegate.swift in Sources */ = {isa = PBXBuildFile; fileRef = 63B98FD61E03F211000125CB /* AppDelegate.swift */; };
		63B98FDE1E03F211000125CB /* Assets.xcassets in Resources */ = {isa = PBXBuildFile; fileRef = 63B98FDD1E03F211000125CB /* Assets.xcassets */; };
		63B98FEC1E03F211000125CB /* Lighthouse_CameraTests.swift in Sources */ = {isa = PBXBuildFile; fileRef = 63B98FEB1E03F211000125CB /* Lighthouse_CameraTests.swift */; };
		63B98FF71E03F211000125CB /* Lighthouse_CameraUITests.swift in Sources */ = {isa = PBXBuildFile; fileRef = 63B98FF61E03F211000125CB /* Lighthouse_CameraUITests.swift */; };
		63C81B7D1E1BD23F005F850E /* opencv2.framework in Frameworks */ = {isa = PBXBuildFile; fileRef = 7A608B091E0ABE6900A88001 /* opencv2.framework */; };
		63D7472A1E1E75C100025CE2 /* video.cpp in Sources */ = {isa = PBXBuildFile; fileRef = 63D747281E1E75C100025CE2 /* video.cpp */; };
		7A018E751E0AA40700EEB90B /* Lib in Resources */ = {isa = PBXBuildFile; fileRef = 7A018E741E0AA40700EEB90B /* Lib */; };
		7A2FBF221E0D3F20001B4E8A /* image_matcher.cpp in Sources */ = {isa = PBXBuildFile; fileRef = 7A2FBF201E0D3F20001B4E8A /* image_matcher.cpp */; };
		7A2FBF251E0D4138001B4E8A /* image_description.cpp in Sources */ = {isa = PBXBuildFile; fileRef = 7A2FBF231E0D4138001B4E8A /* image_description.cpp */; };
		7A2FBF2A1E0D60F2001B4E8A /* Settings.bundle in Resources */ = {isa = PBXBuildFile; fileRef = 7A2FBF291E0D60F2001B4E8A /* Settings.bundle */; };
		7A493F311E1EB73B00394AA5 /* recorder.cpp in Sources */ = {isa = PBXBuildFile; fileRef = 7A493F2F1E1EB73B00394AA5 /* recorder.cpp */; };
		7A493F331E1EB7B800394AA5 /* CoreAudio.framework in Frameworks */ = {isa = PBXBuildFile; fileRef = 7A493F321E1EB7B800394AA5 /* CoreAudio.framework */; };
		7A493F351E1EBB7300394AA5 /* AudioToolbox.framework in Frameworks */ = {isa = PBXBuildFile; fileRef = 7A493F341E1EBB7300394AA5 /* AudioToolbox.framework */; };
		7A608B081E0ABE1000A88001 /* lighthouse.cpp in Sources */ = {isa = PBXBuildFile; fileRef = 7A608B061E0ABE1000A88001 /* lighthouse.cpp */; };
		7A608B111E0AC54600A88001 /* bridge.mm in Sources */ = {isa = PBXBuildFile; fileRef = 7A608B101E0AC54600A88001 /* bridge.mm */; };
		7A608B131E0AC59F00A88001 /* ViewController.swift in Sources */ = {isa = PBXBuildFile; fileRef = 7A608B121E0AC59F00A88001 /* ViewController.swift */; };
		7A608B151E0AC5EA00A88001 /* LaunchScreen.storyboard in Resources */ = {isa = PBXBuildFile; fileRef = 7A608B141E0AC5EA00A88001 /* LaunchScreen.storyboard */; };
		7A608B171E0AC63500A88001 /* Main.storyboard in Resources */ = {isa = PBXBuildFile; fileRef = 7A608B161E0AC63500A88001 /* Main.storyboard */; };
		7AD590681E1BC2ED00958FEB /* filesystem.mm in Sources */ = {isa = PBXBuildFile; fileRef = 7AD590661E1BC2ED00958FEB /* filesystem.mm */; };
		7AE727E01E13D5E5007B3758 /* license.txt in Resources */ = {isa = PBXBuildFile; fileRef = 7AE727BE1E13D5E5007B3758 /* license.txt */; };
		7AE727E11E13D5E5007B3758 /* manual.html in Resources */ = {isa = PBXBuildFile; fileRef = 7AE727BF1E13D5E5007B3758 /* manual.html */; };
/* End PBXBuildFile section */

/* Begin PBXContainerItemProxy section */
		63B98FE81E03F211000125CB /* PBXContainerItemProxy */ = {
			isa = PBXContainerItemProxy;
			containerPortal = 63B98FCB1E03F210000125CB /* Project object */;
			proxyType = 1;
			remoteGlobalIDString = 63B98FD21E03F210000125CB;
			remoteInfo = "Lighthouse Camera";
		};
		63B98FF31E03F211000125CB /* PBXContainerItemProxy */ = {
			isa = PBXContainerItemProxy;
			containerPortal = 63B98FCB1E03F210000125CB /* Project object */;
			proxyType = 1;
			remoteGlobalIDString = 63B98FD21E03F210000125CB;
			remoteInfo = "Lighthouse Camera";
		};
/* End PBXContainerItemProxy section */

/* Begin PBXFileReference section */
		6333A3331E1FC22C002CF407 /* feedback.mm */ = {isa = PBXFileReference; fileEncoding = 4; lastKnownFileType = sourcecode.cpp.objcpp; path = feedback.mm; sourceTree = "<group>"; };
		6333A3341E1FC22C002CF407 /* feedback.hpp */ = {isa = PBXFileReference; fileEncoding = 4; lastKnownFileType = sourcecode.cpp.h; path = feedback.hpp; sourceTree = "<group>"; };
		6333A3371E1FD4F8002CF407 /* image.hpp */ = {isa = PBXFileReference; fileEncoding = 4; lastKnownFileType = sourcecode.cpp.h; path = image.hpp; sourceTree = "<group>"; };
		6333A3381E1FEEBF002CF407 /* feedback.h */ = {isa = PBXFileReference; lastKnownFileType = sourcecode.c.h; path = feedback.h; sourceTree = "<group>"; };
		63B98FD31E03F211000125CB /* Lighthouse Camera.app */ = {isa = PBXFileReference; explicitFileType = wrapper.application; includeInIndex = 0; path = "Lighthouse Camera.app"; sourceTree = BUILT_PRODUCTS_DIR; };
		63B98FD61E03F211000125CB /* AppDelegate.swift */ = {isa = PBXFileReference; lastKnownFileType = sourcecode.swift; path = AppDelegate.swift; sourceTree = "<group>"; };
		63B98FDD1E03F211000125CB /* Assets.xcassets */ = {isa = PBXFileReference; lastKnownFileType = folder.assetcatalog; path = Assets.xcassets; sourceTree = "<group>"; };
		63B98FE21E03F211000125CB /* Info.plist */ = {isa = PBXFileReference; lastKnownFileType = text.plist.xml; path = Info.plist; sourceTree = "<group>"; };
		63B98FE71E03F211000125CB /* Lighthouse CameraTests.xctest */ = {isa = PBXFileReference; explicitFileType = wrapper.cfbundle; includeInIndex = 0; path = "Lighthouse CameraTests.xctest"; sourceTree = BUILT_PRODUCTS_DIR; };
		63B98FEB1E03F211000125CB /* Lighthouse_CameraTests.swift */ = {isa = PBXFileReference; lastKnownFileType = sourcecode.swift; path = Lighthouse_CameraTests.swift; sourceTree = "<group>"; };
		63B98FED1E03F211000125CB /* Info.plist */ = {isa = PBXFileReference; lastKnownFileType = text.plist.xml; path = Info.plist; sourceTree = "<group>"; };
		63B98FF21E03F211000125CB /* Lighthouse CameraUITests.xctest */ = {isa = PBXFileReference; explicitFileType = wrapper.cfbundle; includeInIndex = 0; path = "Lighthouse CameraUITests.xctest"; sourceTree = BUILT_PRODUCTS_DIR; };
		63B98FF61E03F211000125CB /* Lighthouse_CameraUITests.swift */ = {isa = PBXFileReference; lastKnownFileType = sourcecode.swift; path = Lighthouse_CameraUITests.swift; sourceTree = "<group>"; };
		63B98FF81E03F211000125CB /* Info.plist */ = {isa = PBXFileReference; lastKnownFileType = text.plist.xml; path = Info.plist; sourceTree = "<group>"; };
		63D747281E1E75C100025CE2 /* video.cpp */ = {isa = PBXFileReference; fileEncoding = 4; lastKnownFileType = sourcecode.cpp.cpp; name = video.cpp; path = video/video.cpp; sourceTree = "<group>"; };
		63D747291E1E75C100025CE2 /* video.hpp */ = {isa = PBXFileReference; fileEncoding = 4; lastKnownFileType = sourcecode.cpp.h; name = video.hpp; path = video/video.hpp; sourceTree = "<group>"; };
		7A018E741E0AA40700EEB90B /* Lib */ = {isa = PBXFileReference; lastKnownFileType = folder; name = Lib; path = "$(PROJECT_DIR)/Lib"; sourceTree = "<absolute>"; };
		7A2FBF201E0D3F20001B4E8A /* image_matcher.cpp */ = {isa = PBXFileReference; fileEncoding = 4; lastKnownFileType = sourcecode.cpp.cpp; path = image_matcher.cpp; sourceTree = "<group>"; };
		7A2FBF211E0D3F20001B4E8A /* image_matcher.hpp */ = {isa = PBXFileReference; fileEncoding = 4; lastKnownFileType = sourcecode.cpp.h; path = image_matcher.hpp; sourceTree = "<group>"; };
		7A2FBF231E0D4138001B4E8A /* image_description.cpp */ = {isa = PBXFileReference; fileEncoding = 4; lastKnownFileType = sourcecode.cpp.cpp; path = image_description.cpp; sourceTree = "<group>"; };
		7A2FBF241E0D4138001B4E8A /* image_description.hpp */ = {isa = PBXFileReference; fileEncoding = 4; lastKnownFileType = sourcecode.cpp.h; path = image_description.hpp; sourceTree = "<group>"; };
		7A2FBF291E0D60F2001B4E8A /* Settings.bundle */ = {isa = PBXFileReference; lastKnownFileType = "wrapper.plug-in"; path = Settings.bundle; sourceTree = "<group>"; };
		7A493F2F1E1EB73B00394AA5 /* recorder.cpp */ = {isa = PBXFileReference; fileEncoding = 4; lastKnownFileType = sourcecode.cpp.cpp; path = recorder.cpp; sourceTree = "<group>"; };
		7A493F301E1EB73B00394AA5 /* recorder.hpp */ = {isa = PBXFileReference; fileEncoding = 4; lastKnownFileType = sourcecode.cpp.h; path = recorder.hpp; sourceTree = "<group>"; };
		7A493F321E1EB7B800394AA5 /* CoreAudio.framework */ = {isa = PBXFileReference; lastKnownFileType = wrapper.framework; name = CoreAudio.framework; path = System/Library/Frameworks/CoreAudio.framework; sourceTree = SDKROOT; };
		7A493F341E1EBB7300394AA5 /* AudioToolbox.framework */ = {isa = PBXFileReference; lastKnownFileType = wrapper.framework; name = AudioToolbox.framework; path = System/Library/Frameworks/AudioToolbox.framework; sourceTree = SDKROOT; };
		7A608B061E0ABE1000A88001 /* lighthouse.cpp */ = {isa = PBXFileReference; fileEncoding = 4; lastKnownFileType = sourcecode.cpp.cpp; path = lighthouse.cpp; sourceTree = "<group>"; };
		7A608B071E0ABE1000A88001 /* lighthouse.hpp */ = {isa = PBXFileReference; fileEncoding = 4; lastKnownFileType = sourcecode.cpp.h; path = lighthouse.hpp; sourceTree = "<group>"; };
		7A608B091E0ABE6900A88001 /* opencv2.framework */ = {isa = PBXFileReference; lastKnownFileType = wrapper.framework; name = opencv2.framework; path = Lib/opencv2.framework; sourceTree = "<group>"; };
		7A608B0F1E0AC54600A88001 /* bridge.h */ = {isa = PBXFileReference; explicitFileType = sourcecode.cpp.h; fileEncoding = 4; path = bridge.h; sourceTree = "<group>"; };
		7A608B101E0AC54600A88001 /* bridge.mm */ = {isa = PBXFileReference; fileEncoding = 4; lastKnownFileType = sourcecode.cpp.objcpp; path = bridge.mm; sourceTree = "<group>"; };
		7A608B121E0AC59F00A88001 /* ViewController.swift */ = {isa = PBXFileReference; fileEncoding = 4; lastKnownFileType = sourcecode.swift; path = ViewController.swift; sourceTree = "<group>"; };
		7A608B141E0AC5EA00A88001 /* LaunchScreen.storyboard */ = {isa = PBXFileReference; fileEncoding = 4; lastKnownFileType = file.storyboard; path = LaunchScreen.storyboard; sourceTree = "<group>"; };
		7A608B161E0AC63500A88001 /* Main.storyboard */ = {isa = PBXFileReference; fileEncoding = 4; lastKnownFileType = file.storyboard; path = Main.storyboard; sourceTree = "<group>"; };
		7AD590661E1BC2ED00958FEB /* filesystem.mm */ = {isa = PBXFileReference; fileEncoding = 4; lastKnownFileType = sourcecode.cpp.objcpp; path = filesystem.mm; sourceTree = "<group>"; };
		7AD590671E1BC2ED00958FEB /* filesystem.hpp */ = {isa = PBXFileReference; fileEncoding = 4; lastKnownFileType = sourcecode.cpp.h; path = filesystem.hpp; sourceTree = "<group>"; };
		7AE727851E13D5E5007B3758 /* access.hpp */ = {isa = PBXFileReference; fileEncoding = 4; lastKnownFileType = sourcecode.cpp.h; path = access.hpp; sourceTree = "<group>"; };
		7AE727871E13D5E5007B3758 /* adapters.hpp */ = {isa = PBXFileReference; fileEncoding = 4; lastKnownFileType = sourcecode.cpp.h; path = adapters.hpp; sourceTree = "<group>"; };
		7AE727881E13D5E5007B3758 /* binary.hpp */ = {isa = PBXFileReference; fileEncoding = 4; lastKnownFileType = sourcecode.cpp.h; path = binary.hpp; sourceTree = "<group>"; };
		7AE727891E13D5E5007B3758 /* json.hpp */ = {isa = PBXFileReference; fileEncoding = 4; lastKnownFileType = sourcecode.cpp.h; path = json.hpp; sourceTree = "<group>"; };
		7AE7278A1E13D5E5007B3758 /* portable_binary.hpp */ = {isa = PBXFileReference; fileEncoding = 4; lastKnownFileType = sourcecode.cpp.h; path = portable_binary.hpp; sourceTree = "<group>"; };
		7AE7278B1E13D5E5007B3758 /* xml.hpp */ = {isa = PBXFileReference; fileEncoding = 4; lastKnownFileType = sourcecode.cpp.h; path = xml.hpp; sourceTree = "<group>"; };
		7AE7278C1E13D5E5007B3758 /* cereal.hpp */ = {isa = PBXFileReference; fileEncoding = 4; lastKnownFileType = sourcecode.cpp.h; path = cereal.hpp; sourceTree = "<group>"; };
		7AE7278E1E13D5E5007B3758 /* helpers.hpp */ = {isa = PBXFileReference; fileEncoding = 4; lastKnownFileType = sourcecode.cpp.h; path = helpers.hpp; sourceTree = "<group>"; };
		7AE7278F1E13D5E5007B3758 /* polymorphic_impl.hpp */ = {isa = PBXFileReference; fileEncoding = 4; lastKnownFileType = sourcecode.cpp.h; path = polymorphic_impl.hpp; sourceTree = "<group>"; };
		7AE727901E13D5E5007B3758 /* polymorphic_impl_fwd.hpp */ = {isa = PBXFileReference; fileEncoding = 4; lastKnownFileType = sourcecode.cpp.h; path = polymorphic_impl_fwd.hpp; sourceTree = "<group>"; };
		7AE727911E13D5E5007B3758 /* static_object.hpp */ = {isa = PBXFileReference; fileEncoding = 4; lastKnownFileType = sourcecode.cpp.h; path = static_object.hpp; sourceTree = "<group>"; };
		7AE727921E13D5E5007B3758 /* traits.hpp */ = {isa = PBXFileReference; fileEncoding = 4; lastKnownFileType = sourcecode.cpp.h; path = traits.hpp; sourceTree = "<group>"; };
		7AE727931E13D5E5007B3758 /* util.hpp */ = {isa = PBXFileReference; fileEncoding = 4; lastKnownFileType = sourcecode.cpp.h; path = util.hpp; sourceTree = "<group>"; };
		7AE727951E13D5E5007B3758 /* base64.hpp */ = {isa = PBXFileReference; fileEncoding = 4; lastKnownFileType = sourcecode.cpp.h; path = base64.hpp; sourceTree = "<group>"; };
		7AE727971E13D5E5007B3758 /* allocators.h */ = {isa = PBXFileReference; fileEncoding = 4; lastKnownFileType = sourcecode.c.h; path = allocators.h; sourceTree = "<group>"; };
		7AE727981E13D5E5007B3758 /* document.h */ = {isa = PBXFileReference; fileEncoding = 4; lastKnownFileType = sourcecode.c.h; path = document.h; sourceTree = "<group>"; };
		7AE727991E13D5E5007B3758 /* encodedstream.h */ = {isa = PBXFileReference; fileEncoding = 4; lastKnownFileType = sourcecode.c.h; path = encodedstream.h; sourceTree = "<group>"; };
		7AE7279A1E13D5E5007B3758 /* encodings.h */ = {isa = PBXFileReference; fileEncoding = 4; lastKnownFileType = sourcecode.c.h; path = encodings.h; sourceTree = "<group>"; };
		7AE7279C1E13D5E5007B3758 /* en.h */ = {isa = PBXFileReference; fileEncoding = 4; lastKnownFileType = sourcecode.c.h; path = en.h; sourceTree = "<group>"; };
		7AE7279D1E13D5E5007B3758 /* error.h */ = {isa = PBXFileReference; fileEncoding = 4; lastKnownFileType = sourcecode.c.h; path = error.h; sourceTree = "<group>"; };
		7AE7279E1E13D5E5007B3758 /* filereadstream.h */ = {isa = PBXFileReference; fileEncoding = 4; lastKnownFileType = sourcecode.c.h; path = filereadstream.h; sourceTree = "<group>"; };
		7AE7279F1E13D5E5007B3758 /* filewritestream.h */ = {isa = PBXFileReference; fileEncoding = 4; lastKnownFileType = sourcecode.c.h; path = filewritestream.h; sourceTree = "<group>"; };
		7AE727A01E13D5E5007B3758 /* fwd.h */ = {isa = PBXFileReference; fileEncoding = 4; lastKnownFileType = sourcecode.c.h; path = fwd.h; sourceTree = "<group>"; };
		7AE727A21E13D5E5007B3758 /* biginteger.h */ = {isa = PBXFileReference; fileEncoding = 4; lastKnownFileType = sourcecode.c.h; path = biginteger.h; sourceTree = "<group>"; };
		7AE727A31E13D5E5007B3758 /* diyfp.h */ = {isa = PBXFileReference; fileEncoding = 4; lastKnownFileType = sourcecode.c.h; path = diyfp.h; sourceTree = "<group>"; };
		7AE727A41E13D5E5007B3758 /* dtoa.h */ = {isa = PBXFileReference; fileEncoding = 4; lastKnownFileType = sourcecode.c.h; path = dtoa.h; sourceTree = "<group>"; };
		7AE727A51E13D5E5007B3758 /* ieee754.h */ = {isa = PBXFileReference; fileEncoding = 4; lastKnownFileType = sourcecode.c.h; path = ieee754.h; sourceTree = "<group>"; };
		7AE727A61E13D5E5007B3758 /* itoa.h */ = {isa = PBXFileReference; fileEncoding = 4; lastKnownFileType = sourcecode.c.h; path = itoa.h; sourceTree = "<group>"; };
		7AE727A71E13D5E5007B3758 /* meta.h */ = {isa = PBXFileReference; fileEncoding = 4; lastKnownFileType = sourcecode.c.h; path = meta.h; sourceTree = "<group>"; };
		7AE727A81E13D5E5007B3758 /* pow10.h */ = {isa = PBXFileReference; fileEncoding = 4; lastKnownFileType = sourcecode.c.h; path = pow10.h; sourceTree = "<group>"; };
		7AE727A91E13D5E5007B3758 /* regex.h */ = {isa = PBXFileReference; fileEncoding = 4; lastKnownFileType = sourcecode.c.h; path = regex.h; sourceTree = "<group>"; };
		7AE727AA1E13D5E5007B3758 /* stack.h */ = {isa = PBXFileReference; fileEncoding = 4; lastKnownFileType = sourcecode.c.h; path = stack.h; sourceTree = "<group>"; };
		7AE727AB1E13D5E5007B3758 /* strfunc.h */ = {isa = PBXFileReference; fileEncoding = 4; lastKnownFileType = sourcecode.c.h; path = strfunc.h; sourceTree = "<group>"; };
		7AE727AC1E13D5E5007B3758 /* strtod.h */ = {isa = PBXFileReference; fileEncoding = 4; lastKnownFileType = sourcecode.c.h; path = strtod.h; sourceTree = "<group>"; };
		7AE727AD1E13D5E5007B3758 /* swap.h */ = {isa = PBXFileReference; fileEncoding = 4; lastKnownFileType = sourcecode.c.h; path = swap.h; sourceTree = "<group>"; };
		7AE727AE1E13D5E5007B3758 /* istreamwrapper.h */ = {isa = PBXFileReference; fileEncoding = 4; lastKnownFileType = sourcecode.c.h; path = istreamwrapper.h; sourceTree = "<group>"; };
		7AE727AF1E13D5E5007B3758 /* memorybuffer.h */ = {isa = PBXFileReference; fileEncoding = 4; lastKnownFileType = sourcecode.c.h; path = memorybuffer.h; sourceTree = "<group>"; };
		7AE727B01E13D5E5007B3758 /* memorystream.h */ = {isa = PBXFileReference; fileEncoding = 4; lastKnownFileType = sourcecode.c.h; path = memorystream.h; sourceTree = "<group>"; };
		7AE727B21E13D5E5007B3758 /* inttypes.h */ = {isa = PBXFileReference; fileEncoding = 4; lastKnownFileType = sourcecode.c.h; path = inttypes.h; sourceTree = "<group>"; };
		7AE727B31E13D5E5007B3758 /* stdint.h */ = {isa = PBXFileReference; fileEncoding = 4; lastKnownFileType = sourcecode.c.h; path = stdint.h; sourceTree = "<group>"; };
		7AE727B41E13D5E5007B3758 /* ostreamwrapper.h */ = {isa = PBXFileReference; fileEncoding = 4; lastKnownFileType = sourcecode.c.h; path = ostreamwrapper.h; sourceTree = "<group>"; };
		7AE727B51E13D5E5007B3758 /* pointer.h */ = {isa = PBXFileReference; fileEncoding = 4; lastKnownFileType = sourcecode.c.h; path = pointer.h; sourceTree = "<group>"; };
		7AE727B61E13D5E5007B3758 /* prettywriter.h */ = {isa = PBXFileReference; fileEncoding = 4; lastKnownFileType = sourcecode.c.h; path = prettywriter.h; sourceTree = "<group>"; };
		7AE727B71E13D5E5007B3758 /* rapidjson.h */ = {isa = PBXFileReference; fileEncoding = 4; lastKnownFileType = sourcecode.c.h; path = rapidjson.h; sourceTree = "<group>"; };
		7AE727B81E13D5E5007B3758 /* reader.h */ = {isa = PBXFileReference; fileEncoding = 4; lastKnownFileType = sourcecode.c.h; path = reader.h; sourceTree = "<group>"; };
		7AE727B91E13D5E5007B3758 /* schema.h */ = {isa = PBXFileReference; fileEncoding = 4; lastKnownFileType = sourcecode.c.h; path = schema.h; sourceTree = "<group>"; };
		7AE727BA1E13D5E5007B3758 /* stream.h */ = {isa = PBXFileReference; fileEncoding = 4; lastKnownFileType = sourcecode.c.h; path = stream.h; sourceTree = "<group>"; };
		7AE727BB1E13D5E5007B3758 /* stringbuffer.h */ = {isa = PBXFileReference; fileEncoding = 4; lastKnownFileType = sourcecode.c.h; path = stringbuffer.h; sourceTree = "<group>"; };
		7AE727BC1E13D5E5007B3758 /* writer.h */ = {isa = PBXFileReference; fileEncoding = 4; lastKnownFileType = sourcecode.c.h; path = writer.h; sourceTree = "<group>"; };
		7AE727BE1E13D5E5007B3758 /* license.txt */ = {isa = PBXFileReference; fileEncoding = 4; lastKnownFileType = text; path = license.txt; sourceTree = "<group>"; };
		7AE727BF1E13D5E5007B3758 /* manual.html */ = {isa = PBXFileReference; fileEncoding = 4; lastKnownFileType = text.html; path = manual.html; sourceTree = "<group>"; };
		7AE727C01E13D5E5007B3758 /* rapidxml.hpp */ = {isa = PBXFileReference; fileEncoding = 4; lastKnownFileType = sourcecode.cpp.h; path = rapidxml.hpp; sourceTree = "<group>"; };
		7AE727C11E13D5E5007B3758 /* rapidxml_iterators.hpp */ = {isa = PBXFileReference; fileEncoding = 4; lastKnownFileType = sourcecode.cpp.h; path = rapidxml_iterators.hpp; sourceTree = "<group>"; };
		7AE727C21E13D5E5007B3758 /* rapidxml_print.hpp */ = {isa = PBXFileReference; fileEncoding = 4; lastKnownFileType = sourcecode.cpp.h; path = rapidxml_print.hpp; sourceTree = "<group>"; };
		7AE727C31E13D5E5007B3758 /* rapidxml_utils.hpp */ = {isa = PBXFileReference; fileEncoding = 4; lastKnownFileType = sourcecode.cpp.h; path = rapidxml_utils.hpp; sourceTree = "<group>"; };
		7AE727C41E13D5E5007B3758 /* macros.hpp */ = {isa = PBXFileReference; fileEncoding = 4; lastKnownFileType = sourcecode.cpp.h; path = macros.hpp; sourceTree = "<group>"; };
		7AE727C61E13D5E5007B3758 /* array.hpp */ = {isa = PBXFileReference; fileEncoding = 4; lastKnownFileType = sourcecode.cpp.h; path = array.hpp; sourceTree = "<group>"; };
		7AE727C71E13D5E5007B3758 /* base_class.hpp */ = {isa = PBXFileReference; fileEncoding = 4; lastKnownFileType = sourcecode.cpp.h; path = base_class.hpp; sourceTree = "<group>"; };
		7AE727C81E13D5E5007B3758 /* bitset.hpp */ = {isa = PBXFileReference; fileEncoding = 4; lastKnownFileType = sourcecode.cpp.h; path = bitset.hpp; sourceTree = "<group>"; };
		7AE727C91E13D5E5007B3758 /* boost_variant.hpp */ = {isa = PBXFileReference; fileEncoding = 4; lastKnownFileType = sourcecode.cpp.h; path = boost_variant.hpp; sourceTree = "<group>"; };
		7AE727CA1E13D5E5007B3758 /* chrono.hpp */ = {isa = PBXFileReference; fileEncoding = 4; lastKnownFileType = sourcecode.cpp.h; path = chrono.hpp; sourceTree = "<group>"; };
		7AE727CB1E13D5E5007B3758 /* common.hpp */ = {isa = PBXFileReference; fileEncoding = 4; lastKnownFileType = sourcecode.cpp.h; path = common.hpp; sourceTree = "<group>"; };
		7AE727CC1E13D5E5007B3758 /* complex.hpp */ = {isa = PBXFileReference; fileEncoding = 4; lastKnownFileType = sourcecode.cpp.h; path = complex.hpp; sourceTree = "<group>"; };
		7AE727CE1E13D5E5007B3758 /* pair_associative_container.hpp */ = {isa = PBXFileReference; fileEncoding = 4; lastKnownFileType = sourcecode.cpp.h; path = pair_associative_container.hpp; sourceTree = "<group>"; };
		7AE727CF1E13D5E5007B3758 /* deque.hpp */ = {isa = PBXFileReference; fileEncoding = 4; lastKnownFileType = sourcecode.cpp.h; path = deque.hpp; sourceTree = "<group>"; };
		7AE727D01E13D5E5007B3758 /* forward_list.hpp */ = {isa = PBXFileReference; fileEncoding = 4; lastKnownFileType = sourcecode.cpp.h; path = forward_list.hpp; sourceTree = "<group>"; };
		7AE727D11E13D5E5007B3758 /* functional.hpp */ = {isa = PBXFileReference; fileEncoding = 4; lastKnownFileType = sourcecode.cpp.h; path = functional.hpp; sourceTree = "<group>"; };
		7AE727D21E13D5E5007B3758 /* list.hpp */ = {isa = PBXFileReference; fileEncoding = 4; lastKnownFileType = sourcecode.cpp.h; path = list.hpp; sourceTree = "<group>"; };
		7AE727D31E13D5E5007B3758 /* map.hpp */ = {isa = PBXFileReference; fileEncoding = 4; lastKnownFileType = sourcecode.cpp.h; path = map.hpp; sourceTree = "<group>"; };
		7AE727D41E13D5E5007B3758 /* memory.hpp */ = {isa = PBXFileReference; fileEncoding = 4; lastKnownFileType = sourcecode.cpp.h; path = memory.hpp; sourceTree = "<group>"; };
		7AE727D51E13D5E5007B3758 /* polymorphic.hpp */ = {isa = PBXFileReference; fileEncoding = 4; lastKnownFileType = sourcecode.cpp.h; path = polymorphic.hpp; sourceTree = "<group>"; };
		7AE727D61E13D5E5007B3758 /* queue.hpp */ = {isa = PBXFileReference; fileEncoding = 4; lastKnownFileType = sourcecode.cpp.h; path = queue.hpp; sourceTree = "<group>"; };
		7AE727D71E13D5E5007B3758 /* set.hpp */ = {isa = PBXFileReference; fileEncoding = 4; lastKnownFileType = sourcecode.cpp.h; path = set.hpp; sourceTree = "<group>"; };
		7AE727D81E13D5E5007B3758 /* stack.hpp */ = {isa = PBXFileReference; fileEncoding = 4; lastKnownFileType = sourcecode.cpp.h; path = stack.hpp; sourceTree = "<group>"; };
		7AE727D91E13D5E5007B3758 /* string.hpp */ = {isa = PBXFileReference; fileEncoding = 4; lastKnownFileType = sourcecode.cpp.h; path = string.hpp; sourceTree = "<group>"; };
		7AE727DA1E13D5E5007B3758 /* tuple.hpp */ = {isa = PBXFileReference; fileEncoding = 4; lastKnownFileType = sourcecode.cpp.h; path = tuple.hpp; sourceTree = "<group>"; };
		7AE727DB1E13D5E5007B3758 /* unordered_map.hpp */ = {isa = PBXFileReference; fileEncoding = 4; lastKnownFileType = sourcecode.cpp.h; path = unordered_map.hpp; sourceTree = "<group>"; };
		7AE727DC1E13D5E5007B3758 /* unordered_set.hpp */ = {isa = PBXFileReference; fileEncoding = 4; lastKnownFileType = sourcecode.cpp.h; path = unordered_set.hpp; sourceTree = "<group>"; };
		7AE727DD1E13D5E5007B3758 /* utility.hpp */ = {isa = PBXFileReference; fileEncoding = 4; lastKnownFileType = sourcecode.cpp.h; path = utility.hpp; sourceTree = "<group>"; };
		7AE727DE1E13D5E5007B3758 /* valarray.hpp */ = {isa = PBXFileReference; fileEncoding = 4; lastKnownFileType = sourcecode.cpp.h; path = valarray.hpp; sourceTree = "<group>"; };
		7AE727DF1E13D5E5007B3758 /* vector.hpp */ = {isa = PBXFileReference; fileEncoding = 4; lastKnownFileType = sourcecode.cpp.h; path = vector.hpp; sourceTree = "<group>"; };
		7AED7F681E156576006F2C23 /* serialization.hpp */ = {isa = PBXFileReference; fileEncoding = 4; lastKnownFileType = sourcecode.cpp.h; path = serialization.hpp; sourceTree = "<group>"; };
/* End PBXFileReference section */

/* Begin PBXFrameworksBuildPhase section */
		63B98FD01E03F210000125CB /* Frameworks */ = {
			isa = PBXFrameworksBuildPhase;
			buildActionMask = 2147483647;
			files = (
				7A493F351E1EBB7300394AA5 /* AudioToolbox.framework in Frameworks */,
				7A493F331E1EB7B800394AA5 /* CoreAudio.framework in Frameworks */,
				63C81B7D1E1BD23F005F850E /* opencv2.framework in Frameworks */,
			);
			runOnlyForDeploymentPostprocessing = 0;
		};
		63B98FE41E03F211000125CB /* Frameworks */ = {
			isa = PBXFrameworksBuildPhase;
			buildActionMask = 2147483647;
			files = (
			);
			runOnlyForDeploymentPostprocessing = 0;
		};
		63B98FEF1E03F211000125CB /* Frameworks */ = {
			isa = PBXFrameworksBuildPhase;
			buildActionMask = 2147483647;
			files = (
			);
			runOnlyForDeploymentPostprocessing = 0;
		};
/* End PBXFrameworksBuildPhase section */

/* Begin PBXGroup section */
		63B98FCA1E03F210000125CB = {
			isa = PBXGroup;
			children = (
				7A608B041E0ABDE600A88001 /* Lib */,
				63B98FD51E03F211000125CB /* Lighthouse Camera */,
				63B98FEA1E03F211000125CB /* Lighthouse CameraTests */,
				63B98FF51E03F211000125CB /* Lighthouse CameraUITests */,
				63B98FD41E03F211000125CB /* Products */,
				7AF59F771E0855760055266A /* Frameworks */,
			);
			sourceTree = "<group>";
		};
		63B98FD41E03F211000125CB /* Products */ = {
			isa = PBXGroup;
			children = (
				63B98FD31E03F211000125CB /* Lighthouse Camera.app */,
				63B98FE71E03F211000125CB /* Lighthouse CameraTests.xctest */,
				63B98FF21E03F211000125CB /* Lighthouse CameraUITests.xctest */,
			);
			name = Products;
			sourceTree = "<group>";
		};
		63B98FD51E03F211000125CB /* Lighthouse Camera */ = {
			isa = PBXGroup;
			children = (
				7A2FBF261E0D5B7B001B4E8A /* Resources */,
				7A608B0E1E0AC2BE00A88001 /* Bridge */,
				7A608B0C1E0AC20300A88001 /* UI */,
				7A608B0B1E0AC1A300A88001 /* Storyboards */,
				63B98FD61E03F211000125CB /* AppDelegate.swift */,
				63B98FDD1E03F211000125CB /* Assets.xcassets */,
				63B98FE21E03F211000125CB /* Info.plist */,
			);
			path = "Lighthouse Camera";
			sourceTree = "<group>";
		};
		63B98FEA1E03F211000125CB /* Lighthouse CameraTests */ = {
			isa = PBXGroup;
			children = (
				63B98FEB1E03F211000125CB /* Lighthouse_CameraTests.swift */,
				63B98FED1E03F211000125CB /* Info.plist */,
			);
			path = "Lighthouse CameraTests";
			sourceTree = "<group>";
		};
		63B98FF51E03F211000125CB /* Lighthouse CameraUITests */ = {
			isa = PBXGroup;
			children = (
				63B98FF61E03F211000125CB /* Lighthouse_CameraUITests.swift */,
				63B98FF81E03F211000125CB /* Info.plist */,
			);
			path = "Lighthouse CameraUITests";
			sourceTree = "<group>";
		};
		63D747271E1E755D00025CE2 /* video */ = {
			isa = PBXGroup;
			children = (
				63D747281E1E75C100025CE2 /* video.cpp */,
				63D747291E1E75C100025CE2 /* video.hpp */,
			);
			name = video;
			sourceTree = "<group>";
		};
		7A2FBF1F1E0D3F02001B4E8A /* matching */ = {
			isa = PBXGroup;
			children = (
				7A2FBF201E0D3F20001B4E8A /* image_matcher.cpp */,
				7A2FBF211E0D3F20001B4E8A /* image_matcher.hpp */,
				7A2FBF231E0D4138001B4E8A /* image_description.cpp */,
				7A2FBF241E0D4138001B4E8A /* image_description.hpp */,
				7AED7F681E156576006F2C23 /* serialization.hpp */,
			);
			path = matching;
			sourceTree = "<group>";
		};
		7A2FBF261E0D5B7B001B4E8A /* Resources */ = {
			isa = PBXGroup;
			children = (
				7A2FBF291E0D60F2001B4E8A /* Settings.bundle */,
			);
			path = Resources;
			sourceTree = "<group>";
		};
		7A493F2E1E1EB72400394AA5 /* audio */ = {
			isa = PBXGroup;
			children = (
				7A493F2F1E1EB73B00394AA5 /* recorder.cpp */,
				7A493F301E1EB73B00394AA5 /* recorder.hpp */,
			);
			path = audio;
			sourceTree = "<group>";
		};
		7A608B041E0ABDE600A88001 /* Lib */ = {
			isa = PBXGroup;
			children = (
				7AE727841E13D5E5007B3758 /* cereal */,
				7A608B051E0ABDF900A88001 /* lighthouse */,
			);
			path = Lib;
			sourceTree = "<group>";
		};
		7A608B051E0ABDF900A88001 /* lighthouse */ = {
			isa = PBXGroup;
			children = (
				7A493F2E1E1EB72400394AA5 /* audio */,
				63D747271E1E755D00025CE2 /* video */,
				7A2FBF1F1E0D3F02001B4E8A /* matching */,
				7A608B061E0ABE1000A88001 /* lighthouse.cpp */,
				7A608B071E0ABE1000A88001 /* lighthouse.hpp */,
			);
			path = lighthouse;
			sourceTree = "<group>";
		};
		7A608B0B1E0AC1A300A88001 /* Storyboards */ = {
			isa = PBXGroup;
			children = (
				7A608B161E0AC63500A88001 /* Main.storyboard */,
				7A608B141E0AC5EA00A88001 /* LaunchScreen.storyboard */,
			);
			path = Storyboards;
			sourceTree = "<group>";
		};
		7A608B0C1E0AC20300A88001 /* UI */ = {
			isa = PBXGroup;
			children = (
				7A608B0D1E0AC22500A88001 /* Main */,
			);
			path = UI;
			sourceTree = "<group>";
		};
		7A608B0D1E0AC22500A88001 /* Main */ = {
			isa = PBXGroup;
			children = (
				7A608B121E0AC59F00A88001 /* ViewController.swift */,
			);
			path = Main;
			sourceTree = "<group>";
		};
		7A608B0E1E0AC2BE00A88001 /* Bridge */ = {
			isa = PBXGroup;
			children = (
				7A608B0F1E0AC54600A88001 /* bridge.h */,
				7A608B101E0AC54600A88001 /* bridge.mm */,
				6333A3371E1FD4F8002CF407 /* image.hpp */,
				7AD590661E1BC2ED00958FEB /* filesystem.mm */,
				7AD590671E1BC2ED00958FEB /* filesystem.hpp */,
				6333A3331E1FC22C002CF407 /* feedback.mm */,
				6333A3341E1FC22C002CF407 /* feedback.hpp */,
				6333A3381E1FEEBF002CF407 /* feedback.h */,
			);
			path = Bridge;
			sourceTree = "<group>";
		};
		7AE727841E13D5E5007B3758 /* cereal */ = {
			isa = PBXGroup;
			children = (
				7AE727851E13D5E5007B3758 /* access.hpp */,
				7AE727861E13D5E5007B3758 /* archives */,
				7AE7278C1E13D5E5007B3758 /* cereal.hpp */,
				7AE7278D1E13D5E5007B3758 /* details */,
				7AE727941E13D5E5007B3758 /* external */,
				7AE727C41E13D5E5007B3758 /* macros.hpp */,
				7AE727C51E13D5E5007B3758 /* types */,
			);
			path = cereal;
			sourceTree = "<group>";
		};
		7AE727861E13D5E5007B3758 /* archives */ = {
			isa = PBXGroup;
			children = (
				7AE727871E13D5E5007B3758 /* adapters.hpp */,
				7AE727881E13D5E5007B3758 /* binary.hpp */,
				7AE727891E13D5E5007B3758 /* json.hpp */,
				7AE7278A1E13D5E5007B3758 /* portable_binary.hpp */,
				7AE7278B1E13D5E5007B3758 /* xml.hpp */,
			);
			path = archives;
			sourceTree = "<group>";
		};
		7AE7278D1E13D5E5007B3758 /* details */ = {
			isa = PBXGroup;
			children = (
				7AE7278E1E13D5E5007B3758 /* helpers.hpp */,
				7AE7278F1E13D5E5007B3758 /* polymorphic_impl.hpp */,
				7AE727901E13D5E5007B3758 /* polymorphic_impl_fwd.hpp */,
				7AE727911E13D5E5007B3758 /* static_object.hpp */,
				7AE727921E13D5E5007B3758 /* traits.hpp */,
				7AE727931E13D5E5007B3758 /* util.hpp */,
			);
			path = details;
			sourceTree = "<group>";
		};
		7AE727941E13D5E5007B3758 /* external */ = {
			isa = PBXGroup;
			children = (
				7AE727951E13D5E5007B3758 /* base64.hpp */,
				7AE727961E13D5E5007B3758 /* rapidjson */,
				7AE727BD1E13D5E5007B3758 /* rapidxml */,
			);
			path = external;
			sourceTree = "<group>";
		};
		7AE727961E13D5E5007B3758 /* rapidjson */ = {
			isa = PBXGroup;
			children = (
				7AE727971E13D5E5007B3758 /* allocators.h */,
				7AE727981E13D5E5007B3758 /* document.h */,
				7AE727991E13D5E5007B3758 /* encodedstream.h */,
				7AE7279A1E13D5E5007B3758 /* encodings.h */,
				7AE7279B1E13D5E5007B3758 /* error */,
				7AE7279E1E13D5E5007B3758 /* filereadstream.h */,
				7AE7279F1E13D5E5007B3758 /* filewritestream.h */,
				7AE727A01E13D5E5007B3758 /* fwd.h */,
				7AE727A11E13D5E5007B3758 /* internal */,
				7AE727AE1E13D5E5007B3758 /* istreamwrapper.h */,
				7AE727AF1E13D5E5007B3758 /* memorybuffer.h */,
				7AE727B01E13D5E5007B3758 /* memorystream.h */,
				7AE727B11E13D5E5007B3758 /* msinttypes */,
				7AE727B41E13D5E5007B3758 /* ostreamwrapper.h */,
				7AE727B51E13D5E5007B3758 /* pointer.h */,
				7AE727B61E13D5E5007B3758 /* prettywriter.h */,
				7AE727B71E13D5E5007B3758 /* rapidjson.h */,
				7AE727B81E13D5E5007B3758 /* reader.h */,
				7AE727B91E13D5E5007B3758 /* schema.h */,
				7AE727BA1E13D5E5007B3758 /* stream.h */,
				7AE727BB1E13D5E5007B3758 /* stringbuffer.h */,
				7AE727BC1E13D5E5007B3758 /* writer.h */,
			);
			path = rapidjson;
			sourceTree = "<group>";
		};
		7AE7279B1E13D5E5007B3758 /* error */ = {
			isa = PBXGroup;
			children = (
				7AE7279C1E13D5E5007B3758 /* en.h */,
				7AE7279D1E13D5E5007B3758 /* error.h */,
			);
			path = error;
			sourceTree = "<group>";
		};
		7AE727A11E13D5E5007B3758 /* internal */ = {
			isa = PBXGroup;
			children = (
				7AE727A21E13D5E5007B3758 /* biginteger.h */,
				7AE727A31E13D5E5007B3758 /* diyfp.h */,
				7AE727A41E13D5E5007B3758 /* dtoa.h */,
				7AE727A51E13D5E5007B3758 /* ieee754.h */,
				7AE727A61E13D5E5007B3758 /* itoa.h */,
				7AE727A71E13D5E5007B3758 /* meta.h */,
				7AE727A81E13D5E5007B3758 /* pow10.h */,
				7AE727A91E13D5E5007B3758 /* regex.h */,
				7AE727AA1E13D5E5007B3758 /* stack.h */,
				7AE727AB1E13D5E5007B3758 /* strfunc.h */,
				7AE727AC1E13D5E5007B3758 /* strtod.h */,
				7AE727AD1E13D5E5007B3758 /* swap.h */,
			);
			path = internal;
			sourceTree = "<group>";
		};
		7AE727B11E13D5E5007B3758 /* msinttypes */ = {
			isa = PBXGroup;
			children = (
				7AE727B21E13D5E5007B3758 /* inttypes.h */,
				7AE727B31E13D5E5007B3758 /* stdint.h */,
			);
			path = msinttypes;
			sourceTree = "<group>";
		};
		7AE727BD1E13D5E5007B3758 /* rapidxml */ = {
			isa = PBXGroup;
			children = (
				7AE727BE1E13D5E5007B3758 /* license.txt */,
				7AE727BF1E13D5E5007B3758 /* manual.html */,
				7AE727C01E13D5E5007B3758 /* rapidxml.hpp */,
				7AE727C11E13D5E5007B3758 /* rapidxml_iterators.hpp */,
				7AE727C21E13D5E5007B3758 /* rapidxml_print.hpp */,
				7AE727C31E13D5E5007B3758 /* rapidxml_utils.hpp */,
			);
			path = rapidxml;
			sourceTree = "<group>";
		};
		7AE727C51E13D5E5007B3758 /* types */ = {
			isa = PBXGroup;
			children = (
				7AE727C61E13D5E5007B3758 /* array.hpp */,
				7AE727C71E13D5E5007B3758 /* base_class.hpp */,
				7AE727C81E13D5E5007B3758 /* bitset.hpp */,
				7AE727C91E13D5E5007B3758 /* boost_variant.hpp */,
				7AE727CA1E13D5E5007B3758 /* chrono.hpp */,
				7AE727CB1E13D5E5007B3758 /* common.hpp */,
				7AE727CC1E13D5E5007B3758 /* complex.hpp */,
				7AE727CD1E13D5E5007B3758 /* concepts */,
				7AE727CF1E13D5E5007B3758 /* deque.hpp */,
				7AE727D01E13D5E5007B3758 /* forward_list.hpp */,
				7AE727D11E13D5E5007B3758 /* functional.hpp */,
				7AE727D21E13D5E5007B3758 /* list.hpp */,
				7AE727D31E13D5E5007B3758 /* map.hpp */,
				7AE727D41E13D5E5007B3758 /* memory.hpp */,
				7AE727D51E13D5E5007B3758 /* polymorphic.hpp */,
				7AE727D61E13D5E5007B3758 /* queue.hpp */,
				7AE727D71E13D5E5007B3758 /* set.hpp */,
				7AE727D81E13D5E5007B3758 /* stack.hpp */,
				7AE727D91E13D5E5007B3758 /* string.hpp */,
				7AE727DA1E13D5E5007B3758 /* tuple.hpp */,
				7AE727DB1E13D5E5007B3758 /* unordered_map.hpp */,
				7AE727DC1E13D5E5007B3758 /* unordered_set.hpp */,
				7AE727DD1E13D5E5007B3758 /* utility.hpp */,
				7AE727DE1E13D5E5007B3758 /* valarray.hpp */,
				7AE727DF1E13D5E5007B3758 /* vector.hpp */,
			);
			path = types;
			sourceTree = "<group>";
		};
		7AE727CD1E13D5E5007B3758 /* concepts */ = {
			isa = PBXGroup;
			children = (
				7AE727CE1E13D5E5007B3758 /* pair_associative_container.hpp */,
			);
			path = concepts;
			sourceTree = "<group>";
		};
		7AF59F771E0855760055266A /* Frameworks */ = {
			isa = PBXGroup;
			children = (
				7A493F341E1EBB7300394AA5 /* AudioToolbox.framework */,
				7A493F321E1EB7B800394AA5 /* CoreAudio.framework */,
				7A608B091E0ABE6900A88001 /* opencv2.framework */,
			);
			name = Frameworks;
			sourceTree = "<group>";
		};
/* End PBXGroup section */

/* Begin PBXNativeTarget section */
		63B98FD21E03F210000125CB /* Lighthouse Camera */ = {
			isa = PBXNativeTarget;
			buildConfigurationList = 63B98FFB1E03F211000125CB /* Build configuration list for PBXNativeTarget "Lighthouse Camera" */;
			buildPhases = (
				63B98FCF1E03F210000125CB /* Sources */,
				63B98FD01E03F210000125CB /* Frameworks */,
				63B98FD11E03F210000125CB /* Resources */,
			);
			buildRules = (
			);
			dependencies = (
			);
			name = "Lighthouse Camera";
			productName = "Lighthouse Camera";
			productReference = 63B98FD31E03F211000125CB /* Lighthouse Camera.app */;
			productType = "com.apple.product-type.application";
		};
		63B98FE61E03F211000125CB /* Lighthouse CameraTests */ = {
			isa = PBXNativeTarget;
			buildConfigurationList = 63B98FFE1E03F211000125CB /* Build configuration list for PBXNativeTarget "Lighthouse CameraTests" */;
			buildPhases = (
				63B98FE31E03F211000125CB /* Sources */,
				63B98FE41E03F211000125CB /* Frameworks */,
				63B98FE51E03F211000125CB /* Resources */,
			);
			buildRules = (
			);
			dependencies = (
				63B98FE91E03F211000125CB /* PBXTargetDependency */,
			);
			name = "Lighthouse CameraTests";
			productName = "Lighthouse CameraTests";
			productReference = 63B98FE71E03F211000125CB /* Lighthouse CameraTests.xctest */;
			productType = "com.apple.product-type.bundle.unit-test";
		};
		63B98FF11E03F211000125CB /* Lighthouse CameraUITests */ = {
			isa = PBXNativeTarget;
			buildConfigurationList = 63B990011E03F211000125CB /* Build configuration list for PBXNativeTarget "Lighthouse CameraUITests" */;
			buildPhases = (
				63B98FEE1E03F211000125CB /* Sources */,
				63B98FEF1E03F211000125CB /* Frameworks */,
				63B98FF01E03F211000125CB /* Resources */,
			);
			buildRules = (
			);
			dependencies = (
				63B98FF41E03F211000125CB /* PBXTargetDependency */,
			);
			name = "Lighthouse CameraUITests";
			productName = "Lighthouse CameraUITests";
			productReference = 63B98FF21E03F211000125CB /* Lighthouse CameraUITests.xctest */;
			productType = "com.apple.product-type.bundle.ui-testing";
		};
/* End PBXNativeTarget section */

/* Begin PBXProject section */
		63B98FCB1E03F210000125CB /* Project object */ = {
			isa = PBXProject;
			attributes = {
				LastSwiftUpdateCheck = 0810;
				LastUpgradeCheck = 0820;
				ORGANIZATIONNAME = Lighthouse;
				TargetAttributes = {
					63B98FD21E03F210000125CB = {
						CreatedOnToolsVersion = 8.1;
						DevelopmentTeam = XDF7JPK3X3;
						LastSwiftMigration = 0820;
						ProvisioningStyle = Automatic;
					};
					63B98FE61E03F211000125CB = {
						CreatedOnToolsVersion = 8.1;
						ProvisioningStyle = Automatic;
						TestTargetID = 63B98FD21E03F210000125CB;
					};
					63B98FF11E03F211000125CB = {
						CreatedOnToolsVersion = 8.1;
						ProvisioningStyle = Automatic;
						TestTargetID = 63B98FD21E03F210000125CB;
					};
				};
			};
			buildConfigurationList = 63B98FCE1E03F210000125CB /* Build configuration list for PBXProject "Lighthouse Camera" */;
			compatibilityVersion = "Xcode 3.2";
			developmentRegion = English;
			hasScannedForEncodings = 0;
			knownRegions = (
				en,
				Base,
			);
			mainGroup = 63B98FCA1E03F210000125CB;
			productRefGroup = 63B98FD41E03F211000125CB /* Products */;
			projectDirPath = "";
			projectRoot = "";
			targets = (
				63B98FD21E03F210000125CB /* Lighthouse Camera */,
				63B98FE61E03F211000125CB /* Lighthouse CameraTests */,
				63B98FF11E03F211000125CB /* Lighthouse CameraUITests */,
			);
		};
/* End PBXProject section */

/* Begin PBXResourcesBuildPhase section */
		63B98FD11E03F210000125CB /* Resources */ = {
			isa = PBXResourcesBuildPhase;
			buildActionMask = 2147483647;
			files = (
				7AE727E01E13D5E5007B3758 /* license.txt in Resources */,
				63B98FDE1E03F211000125CB /* Assets.xcassets in Resources */,
				7A608B151E0AC5EA00A88001 /* LaunchScreen.storyboard in Resources */,
				7A2FBF2A1E0D60F2001B4E8A /* Settings.bundle in Resources */,
				7AE727E11E13D5E5007B3758 /* manual.html in Resources */,
				7A018E751E0AA40700EEB90B /* Lib in Resources */,
				7A608B171E0AC63500A88001 /* Main.storyboard in Resources */,
			);
			runOnlyForDeploymentPostprocessing = 0;
		};
		63B98FE51E03F211000125CB /* Resources */ = {
			isa = PBXResourcesBuildPhase;
			buildActionMask = 2147483647;
			files = (
			);
			runOnlyForDeploymentPostprocessing = 0;
		};
		63B98FF01E03F211000125CB /* Resources */ = {
			isa = PBXResourcesBuildPhase;
			buildActionMask = 2147483647;
			files = (
			);
			runOnlyForDeploymentPostprocessing = 0;
		};
/* End PBXResourcesBuildPhase section */

/* Begin PBXSourcesBuildPhase section */
		63B98FCF1E03F210000125CB /* Sources */ = {
			isa = PBXSourcesBuildPhase;
			buildActionMask = 2147483647;
			files = (
				63B98FD71E03F211000125CB /* AppDelegate.swift in Sources */,
				63D7472A1E1E75C100025CE2 /* video.cpp in Sources */,
				7A608B111E0AC54600A88001 /* bridge.mm in Sources */,
				7A2FBF251E0D4138001B4E8A /* image_description.cpp in Sources */,
				6333A3351E1FC22C002CF407 /* feedback.mm in Sources */,
				7A608B131E0AC59F00A88001 /* ViewController.swift in Sources */,
				7A2FBF221E0D3F20001B4E8A /* image_matcher.cpp in Sources */,
				7AD590681E1BC2ED00958FEB /* filesystem.mm in Sources */,
				7A493F311E1EB73B00394AA5 /* recorder.cpp in Sources */,
				7A608B081E0ABE1000A88001 /* lighthouse.cpp in Sources */,
			);
			runOnlyForDeploymentPostprocessing = 0;
		};
		63B98FE31E03F211000125CB /* Sources */ = {
			isa = PBXSourcesBuildPhase;
			buildActionMask = 2147483647;
			files = (
				63B98FEC1E03F211000125CB /* Lighthouse_CameraTests.swift in Sources */,
			);
			runOnlyForDeploymentPostprocessing = 0;
		};
		63B98FEE1E03F211000125CB /* Sources */ = {
			isa = PBXSourcesBuildPhase;
			buildActionMask = 2147483647;
			files = (
				63B98FF71E03F211000125CB /* Lighthouse_CameraUITests.swift in Sources */,
			);
			runOnlyForDeploymentPostprocessing = 0;
		};
/* End PBXSourcesBuildPhase section */

/* Begin PBXTargetDependency section */
		63B98FE91E03F211000125CB /* PBXTargetDependency */ = {
			isa = PBXTargetDependency;
			target = 63B98FD21E03F210000125CB /* Lighthouse Camera */;
			targetProxy = 63B98FE81E03F211000125CB /* PBXContainerItemProxy */;
		};
		63B98FF41E03F211000125CB /* PBXTargetDependency */ = {
			isa = PBXTargetDependency;
			target = 63B98FD21E03F210000125CB /* Lighthouse Camera */;
			targetProxy = 63B98FF31E03F211000125CB /* PBXContainerItemProxy */;
		};
/* End PBXTargetDependency section */

/* Begin XCBuildConfiguration section */
		63B98FF91E03F211000125CB /* Debug */ = {
			isa = XCBuildConfiguration;
			buildSettings = {
				ALWAYS_SEARCH_USER_PATHS = NO;
				CLANG_ANALYZER_NONNULL = YES;
				CLANG_CXX_LANGUAGE_STANDARD = "gnu++0x";
				CLANG_CXX_LIBRARY = "libc++";
				CLANG_ENABLE_MODULES = YES;
				CLANG_ENABLE_OBJC_ARC = YES;
				CLANG_WARN_BOOL_CONVERSION = YES;
				CLANG_WARN_CONSTANT_CONVERSION = YES;
				CLANG_WARN_DIRECT_OBJC_ISA_USAGE = YES_ERROR;
				CLANG_WARN_DOCUMENTATION_COMMENTS = YES;
				CLANG_WARN_EMPTY_BODY = YES;
				CLANG_WARN_ENUM_CONVERSION = YES;
				CLANG_WARN_INFINITE_RECURSION = YES;
				CLANG_WARN_INT_CONVERSION = YES;
				CLANG_WARN_OBJC_ROOT_CLASS = YES_ERROR;
				CLANG_WARN_SUSPICIOUS_MOVE = YES;
				CLANG_WARN_SUSPICIOUS_MOVES = YES;
				CLANG_WARN_UNREACHABLE_CODE = YES;
				CLANG_WARN__DUPLICATE_METHOD_MATCH = YES;
				"CODE_SIGN_IDENTITY[sdk=iphoneos*]" = "iPhone Developer";
				COPY_PHASE_STRIP = NO;
				DEBUG_INFORMATION_FORMAT = dwarf;
				ENABLE_STRICT_OBJC_MSGSEND = YES;
				ENABLE_TESTABILITY = YES;
				GCC_C_LANGUAGE_STANDARD = gnu99;
				GCC_DYNAMIC_NO_PIC = NO;
				GCC_NO_COMMON_BLOCKS = YES;
				GCC_OPTIMIZATION_LEVEL = 0;
				GCC_PREPROCESSOR_DEFINITIONS = (
					"DEBUG=1",
					"$(inherited)",
				);
				GCC_WARN_64_TO_32_BIT_CONVERSION = YES;
				GCC_WARN_ABOUT_RETURN_TYPE = YES_ERROR;
				GCC_WARN_UNDECLARED_SELECTOR = YES;
				GCC_WARN_UNINITIALIZED_AUTOS = YES_AGGRESSIVE;
				GCC_WARN_UNUSED_FUNCTION = YES;
				GCC_WARN_UNUSED_VARIABLE = YES;
				IPHONEOS_DEPLOYMENT_TARGET = 10.1;
				MTL_ENABLE_DEBUG_INFO = YES;
				ONLY_ACTIVE_ARCH = YES;
				SDKROOT = iphoneos;
				SWIFT_ACTIVE_COMPILATION_CONDITIONS = DEBUG;
				SWIFT_OPTIMIZATION_LEVEL = "-Onone";
				TARGETED_DEVICE_FAMILY = "1,2";
			};
			name = Debug;
		};
		63B98FFA1E03F211000125CB /* Release */ = {
			isa = XCBuildConfiguration;
			buildSettings = {
				ALWAYS_SEARCH_USER_PATHS = NO;
				CLANG_ANALYZER_NONNULL = YES;
				CLANG_CXX_LANGUAGE_STANDARD = "gnu++0x";
				CLANG_CXX_LIBRARY = "libc++";
				CLANG_ENABLE_MODULES = YES;
				CLANG_ENABLE_OBJC_ARC = YES;
				CLANG_WARN_BOOL_CONVERSION = YES;
				CLANG_WARN_CONSTANT_CONVERSION = YES;
				CLANG_WARN_DIRECT_OBJC_ISA_USAGE = YES_ERROR;
				CLANG_WARN_DOCUMENTATION_COMMENTS = YES;
				CLANG_WARN_EMPTY_BODY = YES;
				CLANG_WARN_ENUM_CONVERSION = YES;
				CLANG_WARN_INFINITE_RECURSION = YES;
				CLANG_WARN_INT_CONVERSION = YES;
				CLANG_WARN_OBJC_ROOT_CLASS = YES_ERROR;
				CLANG_WARN_SUSPICIOUS_MOVE = YES;
				CLANG_WARN_SUSPICIOUS_MOVES = YES;
				CLANG_WARN_UNREACHABLE_CODE = YES;
				CLANG_WARN__DUPLICATE_METHOD_MATCH = YES;
				"CODE_SIGN_IDENTITY[sdk=iphoneos*]" = "iPhone Developer";
				COPY_PHASE_STRIP = NO;
				DEBUG_INFORMATION_FORMAT = "dwarf-with-dsym";
				ENABLE_NS_ASSERTIONS = NO;
				ENABLE_STRICT_OBJC_MSGSEND = YES;
				GCC_C_LANGUAGE_STANDARD = gnu99;
				GCC_NO_COMMON_BLOCKS = YES;
				GCC_WARN_64_TO_32_BIT_CONVERSION = YES;
				GCC_WARN_ABOUT_RETURN_TYPE = YES_ERROR;
				GCC_WARN_UNDECLARED_SELECTOR = YES;
				GCC_WARN_UNINITIALIZED_AUTOS = YES_AGGRESSIVE;
				GCC_WARN_UNUSED_FUNCTION = YES;
				GCC_WARN_UNUSED_VARIABLE = YES;
				IPHONEOS_DEPLOYMENT_TARGET = 10.1;
				MTL_ENABLE_DEBUG_INFO = NO;
				SDKROOT = iphoneos;
				SWIFT_OPTIMIZATION_LEVEL = "-Owholemodule";
				TARGETED_DEVICE_FAMILY = "1,2";
				VALIDATE_PRODUCT = YES;
			};
			name = Release;
		};
		63B98FFC1E03F211000125CB /* Debug */ = {
			isa = XCBuildConfiguration;
			buildSettings = {
				ALWAYS_SEARCH_USER_PATHS = NO;
				ASSETCATALOG_COMPILER_APPICON_NAME = AppIcon;
				CLANG_ENABLE_MODULES = YES;
				"CODE_SIGN_IDENTITY[sdk=iphoneos*]" = "iPhone Developer";
				DEVELOPMENT_TEAM = XDF7JPK3X3;
				FRAMEWORK_SEARCH_PATHS = (
					"$(PROJECT_DIR)/Lib/**",
					"$(PROJECT_DIR)/Lib",
				);
				HEADER_SEARCH_PATHS = "$(PROJECT_DIR)/Lib";
				INFOPLIST_FILE = "Lighthouse Camera/Info.plist";
				LD_RUNPATH_SEARCH_PATHS = "$(inherited) @executable_path/Frameworks";
				LIBRARY_SEARCH_PATHS = "$(PROJECT_DIR)/Lib/**";
				PRODUCT_BUNDLE_IDENTIFIER = cd.mozilla.org.lighthouse.cam;
				PRODUCT_NAME = "$(TARGET_NAME)";
				SWIFT_OBJC_BRIDGING_HEADER = "Lighthouse Camera/Bridge/bridge.h";
				SWIFT_OPTIMIZATION_LEVEL = "-Onone";
				SWIFT_VERSION = 3.0;
			};
			name = Debug;
		};
		63B98FFD1E03F211000125CB /* Release */ = {
			isa = XCBuildConfiguration;
			buildSettings = {
				ALWAYS_SEARCH_USER_PATHS = NO;
				ASSETCATALOG_COMPILER_APPICON_NAME = AppIcon;
				CLANG_ENABLE_MODULES = YES;
				"CODE_SIGN_IDENTITY[sdk=iphoneos*]" = "iPhone Developer";
				DEVELOPMENT_TEAM = XDF7JPK3X3;
				FRAMEWORK_SEARCH_PATHS = (
					"$(PROJECT_DIR)/Lib/**",
					"$(PROJECT_DIR)/Lib",
				);
				HEADER_SEARCH_PATHS = "$(PROJECT_DIR)/Lib";
				INFOPLIST_FILE = "Lighthouse Camera/Info.plist";
				LD_RUNPATH_SEARCH_PATHS = "$(inherited) @executable_path/Frameworks";
				LIBRARY_SEARCH_PATHS = "$(PROJECT_DIR)/Lib/**";
				PRODUCT_BUNDLE_IDENTIFIER = cd.mozilla.org.lighthouse.cam;
				PRODUCT_NAME = "$(TARGET_NAME)";
				SWIFT_OBJC_BRIDGING_HEADER = "Lighthouse Camera/Bridge/bridge.h";
				SWIFT_VERSION = 3.0;
			};
			name = Release;
		};
		63B98FFF1E03F211000125CB /* Debug */ = {
			isa = XCBuildConfiguration;
			buildSettings = {
				ALWAYS_EMBED_SWIFT_STANDARD_LIBRARIES = YES;
				BUNDLE_LOADER = "$(TEST_HOST)";
				INFOPLIST_FILE = "Lighthouse CameraTests/Info.plist";
				LD_RUNPATH_SEARCH_PATHS = "$(inherited) @executable_path/Frameworks @loader_path/Frameworks";
				PRODUCT_BUNDLE_IDENTIFIER = "cd.mozilla.org.Lighthouse-CameraTests";
				PRODUCT_NAME = "$(TARGET_NAME)";
				SWIFT_VERSION = 3.0;
				TEST_HOST = "$(BUILT_PRODUCTS_DIR)/Lighthouse Camera.app/Lighthouse Camera";
			};
			name = Debug;
		};
		63B990001E03F211000125CB /* Release */ = {
			isa = XCBuildConfiguration;
			buildSettings = {
				ALWAYS_EMBED_SWIFT_STANDARD_LIBRARIES = YES;
				BUNDLE_LOADER = "$(TEST_HOST)";
				INFOPLIST_FILE = "Lighthouse CameraTests/Info.plist";
				LD_RUNPATH_SEARCH_PATHS = "$(inherited) @executable_path/Frameworks @loader_path/Frameworks";
				PRODUCT_BUNDLE_IDENTIFIER = "cd.mozilla.org.Lighthouse-CameraTests";
				PRODUCT_NAME = "$(TARGET_NAME)";
				SWIFT_VERSION = 3.0;
				TEST_HOST = "$(BUILT_PRODUCTS_DIR)/Lighthouse Camera.app/Lighthouse Camera";
			};
			name = Release;
		};
		63B990021E03F211000125CB /* Debug */ = {
			isa = XCBuildConfiguration;
			buildSettings = {
				ALWAYS_EMBED_SWIFT_STANDARD_LIBRARIES = YES;
				"CODE_SIGN_IDENTITY[sdk=iphoneos*]" = "iPhone Developer";
				INFOPLIST_FILE = "Lighthouse CameraUITests/Info.plist";
				LD_RUNPATH_SEARCH_PATHS = "$(inherited) @executable_path/Frameworks @loader_path/Frameworks";
				PRODUCT_BUNDLE_IDENTIFIER = "cd.mozilla.org.Lighthouse-CameraUITests";
				PRODUCT_NAME = "$(TARGET_NAME)";
				SWIFT_VERSION = 3.0;
				TEST_TARGET_NAME = "Lighthouse Camera";
			};
			name = Debug;
		};
		63B990031E03F211000125CB /* Release */ = {
			isa = XCBuildConfiguration;
			buildSettings = {
				ALWAYS_EMBED_SWIFT_STANDARD_LIBRARIES = YES;
				"CODE_SIGN_IDENTITY[sdk=iphoneos*]" = "iPhone Developer";
				INFOPLIST_FILE = "Lighthouse CameraUITests/Info.plist";
				LD_RUNPATH_SEARCH_PATHS = "$(inherited) @executable_path/Frameworks @loader_path/Frameworks";
				PRODUCT_BUNDLE_IDENTIFIER = "cd.mozilla.org.Lighthouse-CameraUITests";
				PRODUCT_NAME = "$(TARGET_NAME)";
				SWIFT_VERSION = 3.0;
				TEST_TARGET_NAME = "Lighthouse Camera";
			};
			name = Release;
		};
/* End XCBuildConfiguration section */

/* Begin XCConfigurationList section */
		63B98FCE1E03F210000125CB /* Build configuration list for PBXProject "Lighthouse Camera" */ = {
			isa = XCConfigurationList;
			buildConfigurations = (
				63B98FF91E03F211000125CB /* Debug */,
				63B98FFA1E03F211000125CB /* Release */,
			);
			defaultConfigurationIsVisible = 0;
			defaultConfigurationName = Release;
		};
		63B98FFB1E03F211000125CB /* Build configuration list for PBXNativeTarget "Lighthouse Camera" */ = {
			isa = XCConfigurationList;
			buildConfigurations = (
				63B98FFC1E03F211000125CB /* Debug */,
				63B98FFD1E03F211000125CB /* Release */,
			);
			defaultConfigurationIsVisible = 0;
			defaultConfigurationName = Release;
		};
		63B98FFE1E03F211000125CB /* Build configuration list for PBXNativeTarget "Lighthouse CameraTests" */ = {
			isa = XCConfigurationList;
			buildConfigurations = (
				63B98FFF1E03F211000125CB /* Debug */,
				63B990001E03F211000125CB /* Release */,
			);
			defaultConfigurationIsVisible = 0;
			defaultConfigurationName = Release;
		};
		63B990011E03F211000125CB /* Build configuration list for PBXNativeTarget "Lighthouse CameraUITests" */ = {
			isa = XCConfigurationList;
			buildConfigurations = (
				63B990021E03F211000125CB /* Debug */,
				63B990031E03F211000125CB /* Release */,
			);
			defaultConfigurationIsVisible = 0;
			defaultConfigurationName = Release;
		};
/* End XCConfigurationList section */
	};
	rootObject = 63B98FCB1E03F210000125CB /* Project object */;
}
